// !$*UTF8*$!
{
	archiveVersion = 1;
	classes = {
	};
	objectVersion = 60;
	objects = {

/* Begin PBXBuildFile section */
		010000000000000000000001 /* LifeloopApp.swift in Sources */ = {isa = PBXBuildFile; fileRef = 020000000000000000000001 /* LifeloopApp.swift */; };
		010000000000000000000002 /* Place.swift in Sources */ = {isa = PBXBuildFile; fileRef = 020000000000000000000002 /* Place.swift */; };
		010000000000000000000003 /* HabitCourse.swift in Sources */ = {isa = PBXBuildFile; fileRef = 020000000000000000000003 /* HabitCourse.swift */; };
		010000000000000000000004 /* HabitRule.swift in Sources */ = {isa = PBXBuildFile; fileRef = 020000000000000000000004 /* HabitRule.swift */; };
		010000000000000000000005 /* TriggerLog.swift in Sources */ = {isa = PBXBuildFile; fileRef = 020000000000000000000005 /* TriggerLog.swift */; };
		010000000000000000000006 /* PresetData.swift in Sources */ = {isa = PBXBuildFile; fileRef = 020000000000000000000006 /* PresetData.swift */; };
		010000000000000000000007 /* LocalStore.swift in Sources */ = {isa = PBXBuildFile; fileRef = 020000000000000000000007 /* LocalStore.swift */; };
		010000000000000000000008 /* RuleEngine.swift in Sources */ = {isa = PBXBuildFile; fileRef = 020000000000000000000008 /* RuleEngine.swift */; };
		010000000000000000000009 /* NotificationService.swift in Sources */ = {isa = PBXBuildFile; fileRef = 020000000000000000000009 /* NotificationService.swift */; };
		01000000000000000000000A /* LocationService.swift in Sources */ = {isa = PBXBuildFile; fileRef = 02000000000000000000000A /* LocationService.swift */; };
		01000000000000000000000B /* AppState.swift in Sources */ = {isa = PBXBuildFile; fileRef = 02000000000000000000000B /* AppState.swift */; };
		01000000000000000000000C /* RootTabView.swift in Sources */ = {isa = PBXBuildFile; fileRef = 02000000000000000000000C /* RootTabView.swift */; };
		01000000000000000000000D /* HomeView.swift in Sources */ = {isa = PBXBuildFile; fileRef = 02000000000000000000000D /* HomeView.swift */; };
		01000000000000000000000E /* CourseListView.swift in Sources */ = {isa = PBXBuildFile; fileRef = 02000000000000000000000E /* CourseListView.swift */; };
		01000000000000000000000F /* PlaceListView.swift in Sources */ = {isa = PBXBuildFile; fileRef = 02000000000000000000000F /* PlaceListView.swift */; };
		010000000000000000000010 /* PlaceEditorView.swift in Sources */ = {isa = PBXBuildFile; fileRef = 020000000000000000000010 /* PlaceEditorView.swift */; };
		010000000000000000000011 /* ActListView.swift in Sources */ = {isa = PBXBuildFile; fileRef = 020000000000000000000011 /* ActListView.swift */; };
		010000000000000000000012 /* LogListView.swift in Sources */ = {isa = PBXBuildFile; fileRef = 020000000000000000000012 /* LogListView.swift */; };
		010000000000000000000013 /* Assets.xcassets in Resources */ = {isa = PBXBuildFile; fileRef = 020000000000000000000014 /* Assets.xcassets */; };
/* End PBXBuildFile section */

/* Begin PBXFileReference section */
		020000000000000000000001 /* LifeloopApp.swift */ = {isa = PBXFileReference; lastKnownFileType = sourcecode.swift; path = LifeloopApp.swift; sourceTree = "<group>"; };
		020000000000000000000002 /* Place.swift */ = {isa = PBXFileReference; lastKnownFileType = sourcecode.swift; path = Place.swift; sourceTree = "<group>"; };
		020000000000000000000003 /* HabitCourse.swift */ = {isa = PBXFileReference; lastKnownFileType = sourcecode.swift; path = HabitCourse.swift; sourceTree = "<group>"; };
		020000000000000000000004 /* HabitRule.swift */ = {isa = PBXFileReference; lastKnownFileType = sourcecode.swift; path = HabitRule.swift; sourceTree = "<group>"; };
		020000000000000000000005 /* TriggerLog.swift */ = {isa = PBXFileReference; lastKnownFileType = sourcecode.swift; path = TriggerLog.swift; sourceTree = "<group>"; };
		020000000000000000000006 /* PresetData.swift */ = {isa = PBXFileReference; lastKnownFileType = sourcecode.swift; path = PresetData.swift; sourceTree = "<group>"; };
		020000000000000000000007 /* LocalStore.swift */ = {isa = PBXFileReference; lastKnownFileType = sourcecode.swift; path = LocalStore.swift; sourceTree = "<group>"; };
		020000000000000000000008 /* RuleEngine.swift */ = {isa = PBXFileReference; lastKnownFileType = sourcecode.swift; path = RuleEngine.swift; sourceTree = "<group>"; };
		020000000000000000000009 /* NotificationService.swift */ = {isa = PBXFileReference; lastKnownFileType = sourcecode.swift; path = NotificationService.swift; sourceTree = "<group>"; };
		02000000000000000000000A /* LocationService.swift */ = {isa = PBXFileReference; lastKnownFileType = sourcecode.swift; path = LocationService.swift; sourceTree = "<group>"; };
		02000000000000000000000B /* AppState.swift */ = {isa = PBXFileReference; lastKnownFileType = sourcecode.swift; path = AppState.swift; sourceTree = "<group>"; };
		02000000000000000000000C /* RootTabView.swift */ = {isa = PBXFileReference; lastKnownFileType = sourcecode.swift; path = RootTabView.swift; sourceTree = "<group>"; };
		02000000000000000000000D /* HomeView.swift */ = {isa = PBXFileReference; lastKnownFileType = sourcecode.swift; path = HomeView.swift; sourceTree = "<group>"; };
		02000000000000000000000E /* CourseListView.swift */ = {isa = PBXFileReference; lastKnownFileType = sourcecode.swift; path = CourseListView.swift; sourceTree = "<group>"; };
		02000000000000000000000F /* PlaceListView.swift */ = {isa = PBXFileReference; lastKnownFileType = sourcecode.swift; path = PlaceListView.swift; sourceTree = "<group>"; };
		020000000000000000000010 /* PlaceEditorView.swift */ = {isa = PBXFileReference; lastKnownFileType = sourcecode.swift; path = PlaceEditorView.swift; sourceTree = "<group>"; };
		020000000000000000000011 /* ActListView.swift */ = {isa = PBXFileReference; lastKnownFileType = sourcecode.swift; path = ActListView.swift; sourceTree = "<group>"; };
		020000000000000000000012 /* LogListView.swift */ = {isa = PBXFileReference; lastKnownFileType = sourcecode.swift; path = LogListView.swift; sourceTree = "<group>"; };
		020000000000000000000013 /* Info.plist */ = {isa = PBXFileReference; lastKnownFileType = text.plist.xml; path = Info.plist; sourceTree = "<group>"; };
		020000000000000000000014 /* Assets.xcassets */ = {isa = PBXFileReference; lastKnownFileType = folder.assetcatalog; path = Assets.xcassets; sourceTree = "<group>"; };
		020000000000000000000015 /* lifeloop.app */ = {isa = PBXFileReference; explicitFileType = wrapper.application; includeInIndex = 0; path = lifeloop.app; sourceTree = BUILT_PRODUCTS_DIR; };
/* End PBXFileReference section */

/* Begin PBXFrameworksBuildPhase section */
		030000000000000000000001 /* Frameworks */ = {
			isa = PBXFrameworksBuildPhase;
			buildActionMask = 2147483647;
			files = (
			);
			runOnlyForDeploymentPostprocessing = 0;
		};
/* End PBXFrameworksBuildPhase section */

/* Begin PBXGroup section */
		040000000000000000000001 = {
			isa = PBXGroup;
			children = (
				040000000000000000000002 /* lifeloop */,
				040000000000000000000006 /* Products */,
			);
			sourceTree = "<group>";
		};
		040000000000000000000002 /* lifeloop */ = {
			isa = PBXGroup;
			children = (
				020000000000000000000001 /* LifeloopApp.swift */,
				040000000000000000000003 /* Models */,
				040000000000000000000004 /* Services */,
				040000000000000000000005 /* Views */,
				020000000000000000000014 /* Assets.xcassets */,
				020000000000000000000013 /* Info.plist */,
			);
			name = lifeloop;
			sourceTree = "<group>";
			usesTabs = 0;
		};
		040000000000000000000003 /* Models */ = {
			isa = PBXGroup;
			children = (
				020000000000000000000002 /* Place.swift */,
				020000000000000000000003 /* HabitCourse.swift */,
				020000000000000000000004 /* HabitRule.swift */,
				020000000000000000000005 /* TriggerLog.swift */,
			);
			path = Models;
			sourceTree = "<group>";
		};
		040000000000000000000004 /* Services */ = {
			isa = PBXGroup;
			children = (
				02000000000000000000000B /* AppState.swift */,
				02000000000000000000000A /* LocationService.swift */,
				020000000000000000000009 /* NotificationService.swift */,
				020000000000000000000008 /* RuleEngine.swift */,
				020000000000000000000007 /* LocalStore.swift */,
				020000000000000000000006 /* PresetData.swift */,
			);
			path = Services;
			sourceTree = "<group>";
		};
		040000000000000000000005 /* Views */ = {
			isa = PBXGroup;
			children = (
				02000000000000000000000C /* RootTabView.swift */,
				02000000000000000000000D /* HomeView.swift */,
				02000000000000000000000E /* CourseListView.swift */,
				02000000000000000000000F /* PlaceListView.swift */,
				020000000000000000000010 /* PlaceEditorView.swift */,
				020000000000000000000011 /* ActListView.swift */,
				020000000000000000000012 /* LogListView.swift */,
			);
			path = Views;
			sourceTree = "<group>";
		};
		040000000000000000000006 /* Products */ = {
			isa = PBXGroup;
			children = (
				020000000000000000000015 /* lifeloop.app */,
			);
			name = Products;
			sourceTree = "<group>";
		};
/* End PBXGroup section */

/* Begin PBXNativeTarget section */
		050000000000000000000001 /* lifeloop */ = {
			isa = PBXNativeTarget;
			buildConfigurationList = 0B0000000000000000000001 /* Build configuration list for PBXNativeTarget "lifeloop" */;
			buildPhases = (
				060000000000000000000001 /* Sources */,
				030000000000000000000001 /* Frameworks */,
				070000000000000000000001 /* Resources */,
			);
			buildRules = (
			);
			dependencies = (
			);
			name = lifeloop;
			productName = lifeloop;
			productReference = 020000000000000000000015 /* lifeloop.app */;
			productType = "com.apple.product-type.application";
		};
/* End PBXNativeTarget section */

/* Begin PBXProject section */
		080000000000000000000001 /* Project object */ = {
			isa = PBXProject;
			attributes = {
				BuildIndependentTargetsInParallel = 1;
				LastSwiftUpdateCheck = 1600;
				LastUpgradeCheck = 1600;
				TargetAttributes = {
					050000000000000000000001 = {
						CreatedOnToolsVersion = 16.0;
					};
				};
			};
			buildConfigurationList = 0A0000000000000000000001 /* Build configuration list for PBXProject "lifeloop" */;
			compatibilityVersion = "Xcode 15.0";
			developmentRegion = ja;
			hasScannedForEncodings = 0;
			knownRegions = (
				ja,
				en,
				Base,
			);
			mainGroup = 040000000000000000000001;
			productRefGroup = 040000000000000000000006 /* Products */;
			projectDirPath = "";
			projectRoot = "";
			targets = (
				050000000000000000000001 /* lifeloop */,
			);
		};
/* End PBXProject section */

/* Begin PBXResourcesBuildPhase section */
		070000000000000000000001 /* Resources */ = {
			isa = PBXResourcesBuildPhase;
			buildActionMask = 2147483647;
			files = (
				010000000000000000000013 /* Assets.xcassets in Resources */,
			);
			runOnlyForDeploymentPostprocessing = 0;
		};
/* End PBXResourcesBuildPhase section */

/* Begin PBXSourcesBuildPhase section */
		060000000000000000000001 /* Sources */ = {
			isa = PBXSourcesBuildPhase;
			buildActionMask = 2147483647;
			files = (
				010000000000000000000001 /* LifeloopApp.swift in Sources */,
				010000000000000000000002 /* Place.swift in Sources */,
				010000000000000000000003 /* HabitCourse.swift in Sources */,
				010000000000000000000004 /* HabitRule.swift in Sources */,
				010000000000000000000005 /* TriggerLog.swift in Sources */,
				010000000000000000000006 /* PresetData.swift in Sources */,
				010000000000000000000007 /* LocalStore.swift in Sources */,
				010000000000000000000008 /* RuleEngine.swift in Sources */,
				010000000000000000000009 /* NotificationService.swift in Sources */,
				01000000000000000000000A /* LocationService.swift in Sources */,
				01000000000000000000000B /* AppState.swift in Sources */,
				01000000000000000000000C /* RootTabView.swift in Sources */,
				01000000000000000000000D /* HomeView.swift in Sources */,
				01000000000000000000000E /* CourseListView.swift in Sources */,
				01000000000000000000000F /* PlaceListView.swift in Sources */,
				010000000000000000000010 /* PlaceEditorView.swift in Sources */,
				010000000000000000000011 /* ActListView.swift in Sources */,
				010000000000000000000012 /* LogListView.swift in Sources */,
			);
			runOnlyForDeploymentPostprocessing = 0;
		};
/* End PBXSourcesBuildPhase section */

/* Begin XCBuildConfiguration section */
		090000000000000000000001 /* Debug */ = {
			isa = XCBuildConfiguration;
			buildSettings = {
				ALWAYS_SEARCH_USER_PATHS = NO;
				CLANG_ANALYZER_NONNULL = YES;
				CLANG_ANALYZER_NUMBER_OBJECT_CONVERSION = YES_AGGRESSIVE;
				CLANG_CXX_LANGUAGE_STANDARD = "gnu++20";
				CLANG_ENABLE_MODULES = YES;
				CLANG_ENABLE_OBJC_ARC = YES;
				CLANG_ENABLE_OBJC_WEAK = YES;
				CLANG_WARN_BLOCK_CAPTURE_AUTORELEASING = YES;
				CLANG_WARN_BOOL_CONVERSION = YES;
				CLANG_WARN_COMMA = YES;
				CLANG_WARN_CONSTANT_CONVERSION = YES;
				CLANG_WARN_DEPRECATED_OBJC_IMPLEMENTATIONS = YES;
				CLANG_WARN_DIRECT_OBJC_ISA_USAGE = YES_ERROR;
				CLANG_WARN_DOCUMENTATION_COMMENTS = YES;
				CLANG_WARN_EMPTY_BODY = YES;
				CLANG_WARN_ENUM_CONVERSION = YES;
				CLANG_WARN_INFINITE_RECURSION = YES;
				CLANG_WARN_INT_CONVERSION = YES;
				CLANG_WARN_NON_LITERAL_NULL_CONVERSION = YES;
				CLANG_WARN_OBJC_IMPLICIT_RETAIN_SELF = YES;
				CLANG_WARN_OBJC_LITERAL_CONVERSION = YES;
				CLANG_WARN_OBJC_ROOT_CLASS = YES_ERROR;
				CLANG_WARN_QUOTED_INCLUDE_IN_FRAMEWORK_HEADER = YES;
				CLANG_WARN_RANGE_LOOP_ANALYSIS = YES;
				CLANG_WARN_STRICT_PROTOTYPES = YES;
				CLANG_WARN_SUSPICIOUS_MOVE = YES;
				CLANG_WARN_UNGUARDED_AVAILABILITY = YES_AGGRESSIVE;
				CLANG_WARN_UNREACHABLE_CODE = YES;
				CLANG_WARN__DUPLICATE_METHOD_MATCH = YES;
				COPY_PHASE_STRIP = NO;
				DEBUG_INFORMATION_FORMAT = dwarf;
				ENABLE_STRICT_OBJC_MSGSEND = YES;
				ENABLE_TESTABILITY = YES;
				ENABLE_USER_SCRIPT_SANDBOXING = YES;
				GCC_C_LANGUAGE_STANDARD = gnu17;
				GCC_DYNAMIC_NO_PIC = NO;
				GCC_NO_COMMON_BLOCKS = YES;
				GCC_OPTIMIZATION_LEVEL = 0;
				GCC_PREPROCESSOR_DEFINITIONS = (
					"DEBUG=1",
					"$(inherited)",
				);
				GCC_WARN_64_TO_32_BIT_CONVERSION = YES;
				GCC_WARN_ABOUT_RETURN_TYPE = YES_ERROR;
				GCC_WARN_UNDECLARED_SELECTOR = YES;
				GCC_WARN_UNINITIALIZED_AUTOS = YES_AGGRESSIVE;
				GCC_WARN_UNUSED_FUNCTION = YES;
				GCC_WARN_UNUSED_VARIABLE = YES;
				IPHONEOS_DEPLOYMENT_TARGET = 17.0;
				MTL_ENABLE_DEBUG_INFO = INCLUDE_SOURCE;
				MTL_FAST_MATH = YES;
				ONLY_ACTIVE_ARCH = YES;
				SDKROOT = iphoneos;
				SWIFT_ACTIVE_COMPILATION_CONDITIONS = DEBUG;
				SWIFT_OPTIMIZATION_LEVEL = "-Onone";
			};
			name = Debug;
		};
		090000000000000000000002 /* Release */ = {
			isa = XCBuildConfiguration;
			buildSettings = {
				ALWAYS_SEARCH_USER_PATHS = NO;
				CLANG_ANALYZER_NONNULL = YES;
				CLANG_ANALYZER_NUMBER_OBJECT_CONVERSION = YES_AGGRESSIVE;
				CLANG_CXX_LANGUAGE_STANDARD = "gnu++20";
				CLANG_ENABLE_MODULES = YES;
				CLANG_ENABLE_OBJC_ARC = YES;
				CLANG_ENABLE_OBJC_WEAK = YES;
				CLANG_WARN_BLOCK_CAPTURE_AUTORELEASING = YES;
				CLANG_WARN_BOOL_CONVERSION = YES;
				CLANG_WARN_COMMA = YES;
				CLANG_WARN_CONSTANT_CONVERSION = YES;
				CLANG_WARN_DEPRECATED_OBJC_IMPLEMENTATIONS = YES;
				CLANG_WARN_DIRECT_OBJC_ISA_USAGE = YES_ERROR;
				CLANG_WARN_DOCUMENTATION_COMMENTS = YES;
				CLANG_WARN_EMPTY_BODY = YES;
				CLANG_WARN_ENUM_CONVERSION = YES;
				CLANG_WARN_INFINITE_RECURSION = YES;
				CLANG_WARN_INT_CONVERSION = YES;
				CLANG_WARN_NON_LITERAL_NULL_CONVERSION = YES;
				CLANG_WARN_OBJC_IMPLICIT_RETAIN_SELF = YES;
				CLANG_WARN_OBJC_LITERAL_CONVERSION = YES;
				CLANG_WARN_OBJC_ROOT_CLASS = YES_ERROR;
				CLANG_WARN_QUOTED_INCLUDE_IN_FRAMEWORK_HEADER = YES;
				CLANG_WARN_RANGE_LOOP_ANALYSIS = YES;
				CLANG_WARN_STRICT_PROTOTYPES = YES;
				CLANG_WARN_SUSPICIOUS_MOVE = YES;
				CLANG_WARN_UNGUARDED_AVAILABILITY = YES_AGGRESSIVE;
				CLANG_WARN_UNREACHABLE_CODE = YES;
				CLANG_WARN__DUPLICATE_METHOD_MATCH = YES;
				COPY_PHASE_STRIP = NO;
				DEBUG_INFORMATION_FORMAT = "dwarf-with-dsym";
				ENABLE_NS_ASSERTIONS = NO;
				ENABLE_STRICT_OBJC_MSGSEND = YES;
				ENABLE_USER_SCRIPT_SANDBOXING = YES;
				GCC_C_LANGUAGE_STANDARD = gnu17;
				GCC_NO_COMMON_BLOCKS = YES;
				GCC_WARN_64_TO_32_BIT_CONVERSION = YES;
				GCC_WARN_ABOUT_RETURN_TYPE = YES_ERROR;
				GCC_WARN_UNDECLARED_SELECTOR = YES;
				GCC_WARN_UNINITIALIZED_AUTOS = YES_AGGRESSIVE;
				GCC_WARN_UNUSED_FUNCTION = YES;
				GCC_WARN_UNUSED_VARIABLE = YES;
				IPHONEOS_DEPLOYMENT_TARGET = 17.0;
				MTL_ENABLE_DEBUG_INFO = NO;
				MTL_FAST_MATH = YES;
				SDKROOT = iphoneos;
				SWIFT_COMPILATION_MODE = wholemodule;
				VALIDATE_PRODUCT = YES;
			};
			name = Release;
		};
		090000000000000000000003 /* Debug */ = {
			isa = XCBuildConfiguration;
			buildSettings = {
				ASSETCATALOG_COMPILER_APPICON_NAME = AppIcon;
				CODE_SIGN_STYLE = Automatic;
				CURRENT_PROJECT_VERSION = 1;
				DEVELOPMENT_TEAM = XL7C2ZBBS4;
				GENERATE_INFOPLIST_FILE = NO;
				INFOPLIST_FILE = Info.plist;
				IPHONEOS_DEPLOYMENT_TARGET = 17;
				MARKETING_VERSION = 1.0;
				PRODUCT_BUNDLE_IDENTIFIER = at.knockknock.lifeloop;
				PRODUCT_NAME = "$(TARGET_NAME)";
				SUPPORTED_PLATFORMS = "iphoneos iphonesimulator";
				SUPPORTS_MACCATALYST = NO;
					SWIFT_VERSION = 5.0;
					TARGETED_DEVICE_FAMILY = 1;
			};
			name = Debug;
		};
		090000000000000000000004 /* Release */ = {
			isa = XCBuildConfiguration;
			buildSettings = {
				ASSETCATALOG_COMPILER_APPICON_NAME = AppIcon;
				CODE_SIGN_STYLE = Automatic;
				CURRENT_PROJECT_VERSION = 1;
				DEVELOPMENT_TEAM = XL7C2ZBBS4;
				GENERATE_INFOPLIST_FILE = NO;
				INFOPLIST_FILE = Info.plist;
				IPHONEOS_DEPLOYMENT_TARGET = 17;
				MARKETING_VERSION = 1.0;
				PRODUCT_BUNDLE_IDENTIFIER = at.knockknock.lifeloop;
				PRODUCT_NAME = "$(TARGET_NAME)";
				SUPPORTED_PLATFORMS = "iphoneos iphonesimulator";
				SUPPORTS_MACCATALYST = NO;
					SWIFT_VERSION = 5.0;
					TARGETED_DEVICE_FAMILY = 1;
			};
			name = Release;
		};
/* End XCBuildConfiguration section */

/* Begin XCConfigurationList section */
		0A0000000000000000000001 /* Build configuration list for PBXProject "lifeloop" */ = {
			isa = XCConfigurationList;
			buildConfigurations = (
				090000000000000000000001 /* Debug */,
				090000000000000000000002 /* Release */,
			);
			defaultConfigurationIsVisible = 0;
			defaultConfigurationName = Release;
		};
		0B0000000000000000000001 /* Build configuration list for PBXNativeTarget "lifeloop" */ = {
			isa = XCConfigurationList;
			buildConfigurations = (
				090000000000000000000003 /* Debug */,
				090000000000000000000004 /* Release */,
			);
			defaultConfigurationIsVisible = 0;
			defaultConfigurationName = Release;
		};
/* End XCConfigurationList section */
	};
	rootObject = 080000000000000000000001 /* Project object */;
}
